
Microsoft Visual Studio Solution File, Format Version 12.00
# Visual Studio Version 17
VisualStudioVersion = 17.4.33213.308
MinimumVisualStudioVersion = 10.0.40219.1
Project("{9A19103F-16F7-4668-BE54-9A1E7A4F7556}") = "DoctorWho.Web", "..\DoctorWho.Web\DoctorWho.Web\DoctorWho.Web.csproj", "{FA77613C-DED9-4E70-9151-CC495AE6A9F8}"
EndProject
Project("{9A19103F-16F7-4668-BE54-9A1E7A4F7556}") = "DoctorWhoDb", "..\DoctorWho\DoctorWhoDb\DoctorWhoDb.csproj", "{7821038C-3CA9-423F-B902-24A9695FC18A}"
EndProject
Global
	GlobalSection(SolutionConfigurationPlatforms) = preSolution
		Debug|Any CPU = Debug|Any CPU
		Release|Any CPU = Release|Any CPU
	EndGlobalSection
	GlobalSection(ProjectConfigurationPlatforms) = postSolution
		{FA77613C-DED9-4E70-9151-CC495AE6A9F8}.Debug|Any CPU.ActiveCfg = Debug|Any CPU
		{FA77613C-DED9-4E70-9151-CC495AE6A9F8}.Debug|Any CPU.Build.0 = Debug|Any CPU
		{FA77613C-DED9-4E70-9151-CC495AE6A9F8}.Release|Any CPU.ActiveCfg = Release|Any CPU
		{FA77613C-DED9-4E70-9151-CC495AE6A9F8}.Release|Any CPU.Build.0 = Release|Any CPU
		{7821038C-3CA9-423F-B902-24A9695FC18A}.Debug|Any CPU.ActiveCfg = Debug|Any CPU
		{7821038C-3CA9-423F-B902-24A9695FC18A}.Debug|Any CPU.Build.0 = Debug|Any CPU
		{7821038C-3CA9-423F-B902-24A9695FC18A}.Release|Any CPU.ActiveCfg = Release|Any CPU
		{7821038C-3CA9-423F-B902-24A9695FC18A}.Release|Any CPU.Build.0 = Release|Any CPU
	EndGlobalSection
	GlobalSection(SolutionProperties) = preSolution
		HideSolutionNode = FALSE
	EndGlobalSection
	GlobalSection(ExtensibilityGlobals) = postSolution
		SolutionGuid = {E78C2E6D-BF34-4444-A225-97E952D7AF4C}
	EndGlobalSection
EndGlobal
